
Microsoft Visual Studio Solution File, Format Version 12.00
# Visual Studio Version 17
VisualStudioVersion = 17.10.35013.160
MinimumVisualStudioVersion = 10.0.40219.1
Project("{FAE04EC0-301F-11D3-BF4B-00C04F79EFBC}") = "ArraysAndLists", "ArraysAndLists\ArraysAndLists.csproj", "{69490E10-0A7F-4279-A758-6AA567FD9043}"
EndProject
Global
	GlobalSection(SolutionConfigurationPlatforms) = preSolution
		Debug|Any CPU = Debug|Any CPU
		Release|Any CPU = Release|Any CPU
	EndGlobalSection
	GlobalSection(ProjectConfigurationPlatforms) = postSolution
		{69490E10-0A7F-4279-A758-6AA567FD9043}.Debug|Any CPU.ActiveCfg = Debug|Any CPU
		{69490E10-0A7F-4279-A758-6AA567FD9043}.Debug|Any CPU.Build.0 = Debug|Any CPU
		{69490E10-0A7F-4279-A758-6AA567FD9043}.Release|Any CPU.ActiveCfg = Release|Any CPU
		{69490E10-0A7F-4279-A758-6AA567FD9043}.Release|Any CPU.Build.0 = Release|Any CPU
	EndGlobalSection
	GlobalSection(SolutionProperties) = preSolution
		HideSolutionNode = FALSE
	EndGlobalSection
	GlobalSection(ExtensibilityGlobals) = postSolution
		SolutionGuid = {39FD7457-83D2-4351-BC09-2BD28E705B5B}
	EndGlobalSection
EndGlobal
