
Microsoft Visual Studio Solution File, Format Version 12.00
# Visual Studio Version 16
VisualStudioVersion = 16.0.34902.97
MinimumVisualStudioVersion = 10.0.40219.1
Project("{FAE04EC0-301F-11D3-BF4B-00C04F79EFBC}") = "DailyReport", "DailyReport\DailyReport.csproj", "{5816791F-FE5B-49CA-B1F5-E031350142EE}"
EndProject
Global
	GlobalSection(SolutionConfigurationPlatforms) = preSolution
		Debug|Any CPU = Debug|Any CPU
		Release|Any CPU = Release|Any CPU
	EndGlobalSection
	GlobalSection(ProjectConfigurationPlatforms) = postSolution
		{5816791F-FE5B-49CA-B1F5-E031350142EE}.Debug|Any CPU.ActiveCfg = Debug|Any CPU
		{5816791F-FE5B-49CA-B1F5-E031350142EE}.Debug|Any CPU.Build.0 = Debug|Any CPU
		{5816791F-FE5B-49CA-B1F5-E031350142EE}.Release|Any CPU.ActiveCfg = Release|Any CPU
		{5816791F-FE5B-49CA-B1F5-E031350142EE}.Release|Any CPU.Build.0 = Release|Any CPU
	EndGlobalSection
	GlobalSection(SolutionProperties) = preSolution
		HideSolutionNode = FALSE
	EndGlobalSection
	GlobalSection(ExtensibilityGlobals) = postSolution
		SolutionGuid = {E1796622-FBA4-4E83-84E0-2EB0817DF282}
	EndGlobalSection
EndGlobal
