
Microsoft Visual Studio Solution File, Format Version 12.00
# Visual Studio Version 16
VisualStudioVersion = 16.0.34902.97
MinimumVisualStudioVersion = 10.0.40219.1
Project("{FAE04EC0-301F-11D3-BF4B-00C04F79EFBC}") = "DateTimeAssignment", "DateTimeAssignment\DateTimeAssignment.csproj", "{F545B76D-0495-4642-8417-6C548E8A5E98}"
EndProject
Global
	GlobalSection(SolutionConfigurationPlatforms) = preSolution
		Debug|Any CPU = Debug|Any CPU
		Release|Any CPU = Release|Any CPU
	EndGlobalSection
	GlobalSection(ProjectConfigurationPlatforms) = postSolution
		{F545B76D-0495-4642-8417-6C548E8A5E98}.Debug|Any CPU.ActiveCfg = Debug|Any CPU
		{F545B76D-0495-4642-8417-6C548E8A5E98}.Debug|Any CPU.Build.0 = Debug|Any CPU
		{F545B76D-0495-4642-8417-6C548E8A5E98}.Release|Any CPU.ActiveCfg = Release|Any CPU
		{F545B76D-0495-4642-8417-6C548E8A5E98}.Release|Any CPU.Build.0 = Release|Any CPU
	EndGlobalSection
	GlobalSection(SolutionProperties) = preSolution
		HideSolutionNode = FALSE
	EndGlobalSection
	GlobalSection(ExtensibilityGlobals) = postSolution
		SolutionGuid = {E7E4A99D-4B30-4F63-98FD-25C68A4E55AA}
	EndGlobalSection
EndGlobal
