
Microsoft Visual Studio Solution File, Format Version 12.00
# Visual Studio Version 16
VisualStudioVersion = 16.0.34902.97
MinimumVisualStudioVersion = 10.0.40219.1
Project("{FAE04EC0-301F-11D3-BF4B-00C04F79EFBC}") = "ClassSubmission", "ClassSubmission\ClassSubmission.csproj", "{D2FA1A03-1439-48A7-B54B-E13EA35B5696}"
EndProject
Global
	GlobalSection(SolutionConfigurationPlatforms) = preSolution
		Debug|Any CPU = Debug|Any CPU
		Release|Any CPU = Release|Any CPU
	EndGlobalSection
	GlobalSection(ProjectConfigurationPlatforms) = postSolution
		{D2FA1A03-1439-48A7-B54B-E13EA35B5696}.Debug|Any CPU.ActiveCfg = Debug|Any CPU
		{D2FA1A03-1439-48A7-B54B-E13EA35B5696}.Debug|Any CPU.Build.0 = Debug|Any CPU
		{D2FA1A03-1439-48A7-B54B-E13EA35B5696}.Release|Any CPU.ActiveCfg = Release|Any CPU
		{D2FA1A03-1439-48A7-B54B-E13EA35B5696}.Release|Any CPU.Build.0 = Release|Any CPU
	EndGlobalSection
	GlobalSection(SolutionProperties) = preSolution
		HideSolutionNode = FALSE
	EndGlobalSection
	GlobalSection(ExtensibilityGlobals) = postSolution
		SolutionGuid = {2B874100-98AC-439E-8083-5594DD7A1023}
	EndGlobalSection
EndGlobal
