
Microsoft Visual Studio Solution File, Format Version 12.00
# Visual Studio Version 16
VisualStudioVersion = 16.0.35130.168
MinimumVisualStudioVersion = 10.0.40219.1
Project("{FAE04EC0-301F-11D3-BF4B-00C04F79EFBC}") = "CarInsurance", "CarInsurance\CarInsurance.csproj", "{8336FA5D-B670-4BBE-845F-EC2A439A2EC6}"
EndProject
Global
	GlobalSection(SolutionConfigurationPlatforms) = preSolution
		Debug|Any CPU = Debug|Any CPU
		Release|Any CPU = Release|Any CPU
	EndGlobalSection
	GlobalSection(ProjectConfigurationPlatforms) = postSolution
		{8336FA5D-B670-4BBE-845F-EC2A439A2EC6}.Debug|Any CPU.ActiveCfg = Debug|Any CPU
		{8336FA5D-B670-4BBE-845F-EC2A439A2EC6}.Debug|Any CPU.Build.0 = Debug|Any CPU
		{8336FA5D-B670-4BBE-845F-EC2A439A2EC6}.Release|Any CPU.ActiveCfg = Release|Any CPU
		{8336FA5D-B670-4BBE-845F-EC2A439A2EC6}.Release|Any CPU.Build.0 = Release|Any CPU
	EndGlobalSection
	GlobalSection(SolutionProperties) = preSolution
		HideSolutionNode = FALSE
	EndGlobalSection
	GlobalSection(ExtensibilityGlobals) = postSolution
		SolutionGuid = {52806B5D-EB17-4255-9421-32749523F2EB}
	EndGlobalSection
EndGlobal
