
Microsoft Visual Studio Solution File, Format Version 12.00
# Visual Studio Version 16
VisualStudioVersion = 16.0.34902.97
MinimumVisualStudioVersion = 10.0.40219.1
Project("{FAE04EC0-301F-11D3-BF4B-00C04F79EFBC}") = "MathandComparisonOperator", "MathandComparisonOperator\MathandComparisonOperator.csproj", "{364CE10C-A933-4B9D-8678-6CD7A9F467CB}"
EndProject
Global
	GlobalSection(SolutionConfigurationPlatforms) = preSolution
		Debug|Any CPU = Debug|Any CPU
		Release|Any CPU = Release|Any CPU
	EndGlobalSection
	GlobalSection(ProjectConfigurationPlatforms) = postSolution
		{364CE10C-A933-4B9D-8678-6CD7A9F467CB}.Debug|Any CPU.ActiveCfg = Debug|Any CPU
		{364CE10C-A933-4B9D-8678-6CD7A9F467CB}.Debug|Any CPU.Build.0 = Debug|Any CPU
		{364CE10C-A933-4B9D-8678-6CD7A9F467CB}.Release|Any CPU.ActiveCfg = Release|Any CPU
		{364CE10C-A933-4B9D-8678-6CD7A9F467CB}.Release|Any CPU.Build.0 = Release|Any CPU
	EndGlobalSection
	GlobalSection(SolutionProperties) = preSolution
		HideSolutionNode = FALSE
	EndGlobalSection
	GlobalSection(ExtensibilityGlobals) = postSolution
		SolutionGuid = {F46ABA8F-3668-4270-9EFD-782C6E1F1988}
	EndGlobalSection
EndGlobal
