
Microsoft Visual Studio Solution File, Format Version 12.00
# Visual Studio Version 16
VisualStudioVersion = 16.0.34902.97
MinimumVisualStudioVersion = 10.0.40219.1
Project("{FAE04EC0-301F-11D3-BF4B-00C04F79EFBC}") = "Struct", "Struct\Struct.csproj", "{E7E4A7E9-133F-4E04-BFA8-9F472FAF6A30}"
EndProject
Global
	GlobalSection(SolutionConfigurationPlatforms) = preSolution
		Debug|Any CPU = Debug|Any CPU
		Release|Any CPU = Release|Any CPU
	EndGlobalSection
	GlobalSection(ProjectConfigurationPlatforms) = postSolution
		{E7E4A7E9-133F-4E04-BFA8-9F472FAF6A30}.Debug|Any CPU.ActiveCfg = Debug|Any CPU
		{E7E4A7E9-133F-4E04-BFA8-9F472FAF6A30}.Debug|Any CPU.Build.0 = Debug|Any CPU
		{E7E4A7E9-133F-4E04-BFA8-9F472FAF6A30}.Release|Any CPU.ActiveCfg = Release|Any CPU
		{E7E4A7E9-133F-4E04-BFA8-9F472FAF6A30}.Release|Any CPU.Build.0 = Release|Any CPU
	EndGlobalSection
	GlobalSection(SolutionProperties) = preSolution
		HideSolutionNode = FALSE
	EndGlobalSection
	GlobalSection(ExtensibilityGlobals) = postSolution
		SolutionGuid = {B53D4110-0C02-41FC-BCD7-23AE1446B096}
	EndGlobalSection
EndGlobal
