
Microsoft Visual Studio Solution File, Format Version 12.00
# Visual Studio Version 16
VisualStudioVersion = 16.0.34902.97
MinimumVisualStudioVersion = 10.0.40219.1
Project("{FAE04EC0-301F-11D3-BF4B-00C04F79EFBC}") = "exceptionHandling", "exceptionHandling\exceptionHandling.csproj", "{8FA47B32-A7C4-41AE-844A-386ABC5437D3}"
EndProject
Global
	GlobalSection(SolutionConfigurationPlatforms) = preSolution
		Debug|Any CPU = Debug|Any CPU
		Release|Any CPU = Release|Any CPU
	EndGlobalSection
	GlobalSection(ProjectConfigurationPlatforms) = postSolution
		{8FA47B32-A7C4-41AE-844A-386ABC5437D3}.Debug|Any CPU.ActiveCfg = Debug|Any CPU
		{8FA47B32-A7C4-41AE-844A-386ABC5437D3}.Debug|Any CPU.Build.0 = Debug|Any CPU
		{8FA47B32-A7C4-41AE-844A-386ABC5437D3}.Release|Any CPU.ActiveCfg = Release|Any CPU
		{8FA47B32-A7C4-41AE-844A-386ABC5437D3}.Release|Any CPU.Build.0 = Release|Any CPU
	EndGlobalSection
	GlobalSection(SolutionProperties) = preSolution
		HideSolutionNode = FALSE
	EndGlobalSection
	GlobalSection(ExtensibilityGlobals) = postSolution
		SolutionGuid = {0460EC2A-A8E2-4713-873E-174DAF2AFD28}
	EndGlobalSection
EndGlobal
